<?xml version="1.0" encoding="utf-8"?>
<Project ToolsVersion="4.0" xmlns="http://schemas.microsoft.com/developer/msbuild/2003">
  <ItemGroup>
    <Filter Include="res">
      <UniqueIdentifier>{67DA6AB6-F800-4c08-8B7A-83BB121AAD01}</UniqueIdentifier>
      <Extensions>rc;ico;cur;bmp;dlg;rc2;rct;bin;rgs;gif;jpg;jpeg;jpe;resx;tiff;tif;png;wav;mfcribbon-ms</Extensions>
    </Filter>
    <Filter Include="src">
      <UniqueIdentifier>{4FC737F1-C7A5-4376-A066-2A32D752A2FF}</UniqueIdentifier>
      <Extensions>cpp;c;cc;cxx;def;odl;idl;hpj;bat;asm;asmx;h;hh;hpp;hxx;hm;inl;inc;xsd</Extensions>
    </Filter>
    <Filter Include="src\Util">
      <UniqueIdentifier>{2a1b1969-f85f-4d65-9be5-cbfc5970dbbc}</UniqueIdentifier>
    </Filter>
    <Filter Include="src\Interface">
      <UniqueIdentifier>{c84c2375-85ae-4dd5-ade3-4a9ea2345831}</UniqueIdentifier>
    </Filter>
    <Filter Include="src\Renderer">
      <UniqueIdentifier>{6f966427-1d9e-4a11-8a4d-2c15f2e2610d}</UniqueIdentifier>
    </Filter>
    <Filter Include="src\Shader">
      <UniqueIdentifier>{75d501ab-440c-493c-89d1-d98298f1a003}</UniqueIdentifier>
    </Filter>
    <Filter Include="src\Buffer">
      <UniqueIdentifier>{032c8ab9-f855-4fca-b111-9c15cb0ffaa7}</UniqueIdentifier>
    </Filter>
  </ItemGroup>
  <ItemGroup>
    <Text Include="ReadMe.txt" />
  </ItemGroup>
  <ItemGroup>
    <ClInclude Include="include\Util\SafeFunctions.h">
      <Filter>src\Util</Filter>
    </ClInclude>
    <ClInclude Include="include\Interface\ReferenceCountInterface.h">
      <Filter>src\Interface</Filter>
    </ClInclude>
    <ClInclude Include="include\Util\Math.h">
      <Filter>src\Util</Filter>
    </ClInclude>
    <ClInclude Include="include\Renderer\DirectX11Module.h">
      <Filter>src\Renderer</Filter>
    </ClInclude>
    <ClInclude Include="include\Renderer\SwapChain.h">
      <Filter>src\Renderer</Filter>
    </ClInclude>
    <ClInclude Include="include\Util\RawData.h">
      <Filter>src\Util</Filter>
    </ClInclude>
    <ClInclude Include="include\Util\DataContainer.h">
      <Filter>src\Util</Filter>
    </ClInclude>
    <ClInclude Include="include\Shader\VertexShader.h">
      <Filter>src\Shader</Filter>
    </ClInclude>
    <ClInclude Include="include\Buffer\VertexBuffer.h">
      <Filter>src\Buffer</Filter>
    </ClInclude>
    <ClInclude Include="include\Shader\GeometryShader.h">
      <Filter>src\Shader</Filter>
    </ClInclude>
    <ClInclude Include="include\Shader\InputLayout.h">
      <Filter>src\Shader</Filter>
    </ClInclude>
    <ClInclude Include="include\Shader\PixelShader.h">
      <Filter>src\Shader</Filter>
    </ClInclude>
  </ItemGroup>
  <ItemGroup>
    <ClCompile Include="src\Renderer\DirectX11Modile.cpp">
      <Filter>src\Renderer</Filter>
    </ClCompile>
    <ClCompile Include="src\Renderer\SwapChain.cpp">
      <Filter>src\Renderer</Filter>
    </ClCompile>
    <ClCompile Include="src\Util\DataContainer.cpp">
      <Filter>src\Util</Filter>
    </ClCompile>
  </ItemGroup>
</Project>